// !$*UTF8*$!
{
	archiveVersion = 1;
	classes = {
	};
	objectVersion = 48;
	objects = {

/* Begin PBXBuildFile section */
		2E3D61B21F9A2AF600312650 /* DynamicLinks.framework in Frameworks */ = {isa = PBXBuildFile; fileRef = 2E3D61A81F9A2AF600312650 /* DynamicLinks.framework */; };
		2E3D61B91F9A2AF600312650 /* DynamicLinks.h in Headers */ = {isa = PBXBuildFile; fileRef = 2E3D61AB1F9A2AF600312650 /* DynamicLinks.h */; settings = {ATTRIBUTES = (Public, ); }; };
		2E3D61C41F9DD09500312650 /* DynamicLink.swift in Sources */ = {isa = PBXBuildFile; fileRef = 2E3D61C21F9DD09500312650 /* DynamicLink.swift */; };
		2E3D61C61F9E087700312650 /* DynamicLinksTests.swift in Sources */ = {isa = PBXBuildFile; fileRef = 2E3D61B61F9A2AF600312650 /* DynamicLinksTests.swift */; };
		2E46594F20186F3200A14B3B /* DynamicLinkConfiguration.plist in Resources */ = {isa = PBXBuildFile; fileRef = 2E46594E20186F3200A14B3B /* DynamicLinkConfiguration.plist */; };
		2E465951201872F300A14B3B /* UniversalLinkConfiguration.plist in Resources */ = {isa = PBXBuildFile; fileRef = 2E465950201872F300A14B3B /* UniversalLinkConfiguration.plist */; };
		2E4B4B6B2007699B006A0163 /* UniversalLink.swift in Sources */ = {isa = PBXBuildFile; fileRef = 2E4B4B6A2007699B006A0163 /* UniversalLink.swift */; };
/* End PBXBuildFile section */

/* Begin PBXContainerItemProxy section */
		2E3D61B31F9A2AF600312650 /* PBXContainerItemProxy */ = {
			isa = PBXContainerItemProxy;
			containerPortal = 2E3D619F1F9A2AF600312650 /* Project object */;
			proxyType = 1;
			remoteGlobalIDString = 2E3D61A71F9A2AF600312650;
			remoteInfo = DynamicLinks;
		};
/* End PBXContainerItemProxy section */

/* Begin PBXFileReference section */
		2E3D61A81F9A2AF600312650 /* DynamicLinks.framework */ = {isa = PBXFileReference; explicitFileType = wrapper.framework; includeInIndex = 0; path = DynamicLinks.framework; sourceTree = BUILT_PRODUCTS_DIR; };
		2E3D61AB1F9A2AF600312650 /* DynamicLinks.h */ = {isa = PBXFileReference; lastKnownFileType = sourcecode.c.h; path = DynamicLinks.h; sourceTree = "<group>"; };
		2E3D61AC1F9A2AF600312650 /* Info.plist */ = {isa = PBXFileReference; lastKnownFileType = text.plist.xml; path = Info.plist; sourceTree = "<group>"; };
		2E3D61B11F9A2AF600312650 /* DynamicLinksTests.xctest */ = {isa = PBXFileReference; explicitFileType = wrapper.cfbundle; includeInIndex = 0; path = DynamicLinksTests.xctest; sourceTree = BUILT_PRODUCTS_DIR; };
		2E3D61B61F9A2AF600312650 /* DynamicLinksTests.swift */ = {isa = PBXFileReference; lastKnownFileType = sourcecode.swift; path = DynamicLinksTests.swift; sourceTree = "<group>"; };
		2E3D61B81F9A2AF600312650 /* Info.plist */ = {isa = PBXFileReference; lastKnownFileType = text.plist.xml; path = Info.plist; sourceTree = "<group>"; };
		2E3D61C21F9DD09500312650 /* DynamicLink.swift */ = {isa = PBXFileReference; fileEncoding = 4; lastKnownFileType = sourcecode.swift; path = DynamicLink.swift; sourceTree = "<group>"; };
		2E46594C201866B400A14B3B /* .swiftlint.yml */ = {isa = PBXFileReference; lastKnownFileType = text; path = .swiftlint.yml; sourceTree = SOURCE_ROOT; };
		2E46594E20186F3200A14B3B /* DynamicLinkConfiguration.plist */ = {isa = PBXFileReference; lastKnownFileType = text.plist.xml; path = DynamicLinkConfiguration.plist; sourceTree = "<group>"; };
		2E465950201872F300A14B3B /* UniversalLinkConfiguration.plist */ = {isa = PBXFileReference; lastKnownFileType = text.plist.xml; path = UniversalLinkConfiguration.plist; sourceTree = "<group>"; };
		2E4B4B6A2007699B006A0163 /* UniversalLink.swift */ = {isa = PBXFileReference; lastKnownFileType = sourcecode.swift; path = UniversalLink.swift; sourceTree = "<group>"; };
/* End PBXFileReference section */

/* Begin PBXFrameworksBuildPhase section */
		2E3D61A41F9A2AF600312650 /* Frameworks */ = {
			isa = PBXFrameworksBuildPhase;
			buildActionMask = 2147483647;
			files = (
			);
			runOnlyForDeploymentPostprocessing = 0;
		};
		2E3D61AE1F9A2AF600312650 /* Frameworks */ = {
			isa = PBXFrameworksBuildPhase;
			buildActionMask = 2147483647;
			files = (
				2E3D61B21F9A2AF600312650 /* DynamicLinks.framework in Frameworks */,
			);
			runOnlyForDeploymentPostprocessing = 0;
		};
/* End PBXFrameworksBuildPhase section */

/* Begin PBXGroup section */
		2E3D619E1F9A2AF600312650 = {
			isa = PBXGroup;
			children = (
				2E3D61AA1F9A2AF600312650 /* DynamicLinks */,
				2E3D61B51F9A2AF600312650 /* DynamicLinksTests */,
				2E3D61A91F9A2AF600312650 /* Products */,
			);
			sourceTree = "<group>";
		};
		2E3D61A91F9A2AF600312650 /* Products */ = {
			isa = PBXGroup;
			children = (
				2E3D61A81F9A2AF600312650 /* DynamicLinks.framework */,
				2E3D61B11F9A2AF600312650 /* DynamicLinksTests.xctest */,
			);
			name = Products;
			sourceTree = "<group>";
		};
		2E3D61AA1F9A2AF600312650 /* DynamicLinks */ = {
			isa = PBXGroup;
			children = (
				2E4B4B6A2007699B006A0163 /* UniversalLink.swift */,
				2E3D61C21F9DD09500312650 /* DynamicLink.swift */,
				2E3D61AB1F9A2AF600312650 /* DynamicLinks.h */,
				2E3D61AC1F9A2AF600312650 /* Info.plist */,
				2E46594C201866B400A14B3B /* .swiftlint.yml */,
			);
			path = DynamicLinks;
			sourceTree = "<group>";
		};
		2E3D61B51F9A2AF600312650 /* DynamicLinksTests */ = {
			isa = PBXGroup;
			children = (
				2E3D61B61F9A2AF600312650 /* DynamicLinksTests.swift */,
				2E46594E20186F3200A14B3B /* DynamicLinkConfiguration.plist */,
				2E465950201872F300A14B3B /* UniversalLinkConfiguration.plist */,
				2E3D61B81F9A2AF600312650 /* Info.plist */,
			);
			path = DynamicLinksTests;
			sourceTree = "<group>";
		};
/* End PBXGroup section */

/* Begin PBXHeadersBuildPhase section */
		2E3D61A51F9A2AF600312650 /* Headers */ = {
			isa = PBXHeadersBuildPhase;
			buildActionMask = 2147483647;
			files = (
				2E3D61B91F9A2AF600312650 /* DynamicLinks.h in Headers */,
			);
			runOnlyForDeploymentPostprocessing = 0;
		};
/* End PBXHeadersBuildPhase section */

/* Begin PBXNativeTarget section */
		2E3D61A71F9A2AF600312650 /* DynamicLinks */ = {
			isa = PBXNativeTarget;
			buildConfigurationList = 2E3D61BC1F9A2AF600312650 /* Build configuration list for PBXNativeTarget "DynamicLinks" */;
			buildPhases = (
				2E3D61A31F9A2AF600312650 /* Sources */,
				2E3D61A41F9A2AF600312650 /* Frameworks */,
				2E3D61A51F9A2AF600312650 /* Headers */,
				2E3D61A61F9A2AF600312650 /* Resources */,
				2E46594D201867E500A14B3B /* ShellScript */,
			);
			buildRules = (
			);
			dependencies = (
			);
			name = DynamicLinks;
			productName = DynamicLinks;
			productReference = 2E3D61A81F9A2AF600312650 /* DynamicLinks.framework */;
			productType = "com.apple.product-type.framework";
		};
		2E3D61B01F9A2AF600312650 /* DynamicLinksTests */ = {
			isa = PBXNativeTarget;
			buildConfigurationList = 2E3D61BF1F9A2AF600312650 /* Build configuration list for PBXNativeTarget "DynamicLinksTests" */;
			buildPhases = (
				2E3D61AD1F9A2AF600312650 /* Sources */,
				2E3D61AE1F9A2AF600312650 /* Frameworks */,
				2E3D61AF1F9A2AF600312650 /* Resources */,
			);
			buildRules = (
			);
			dependencies = (
				2E3D61B41F9A2AF600312650 /* PBXTargetDependency */,
			);
			name = DynamicLinksTests;
			productName = DynamicLinksTests;
			productReference = 2E3D61B11F9A2AF600312650 /* DynamicLinksTests.xctest */;
			productType = "com.apple.product-type.bundle.unit-test";
		};
/* End PBXNativeTarget section */

/* Begin PBXProject section */
		2E3D619F1F9A2AF600312650 /* Project object */ = {
			isa = PBXProject;
			attributes = {
				LastSwiftUpdateCheck = 0900;
				LastUpgradeCheck = 0900;
				ORGANIZATIONNAME = machukas;
				TargetAttributes = {
					2E3D61A71F9A2AF600312650 = {
						CreatedOnToolsVersion = 9.0;
						LastSwiftMigration = 0900;
						ProvisioningStyle = Automatic;
					};
					2E3D61B01F9A2AF600312650 = {
						CreatedOnToolsVersion = 9.0;
						ProvisioningStyle = Automatic;
					};
				};
			};
			buildConfigurationList = 2E3D61A21F9A2AF600312650 /* Build configuration list for PBXProject "DynamicLinks" */;
			compatibilityVersion = "Xcode 8.0";
			developmentRegion = en;
			hasScannedForEncodings = 0;
			knownRegions = (
				en,
			);
			mainGroup = 2E3D619E1F9A2AF600312650;
			productRefGroup = 2E3D61A91F9A2AF600312650 /* Products */;
			projectDirPath = "";
			projectRoot = "";
			targets = (
				2E3D61A71F9A2AF600312650 /* DynamicLinks */,
				2E3D61B01F9A2AF600312650 /* DynamicLinksTests */,
			);
		};
/* End PBXProject section */

/* Begin PBXResourcesBuildPhase section */
		2E3D61A61F9A2AF600312650 /* Resources */ = {
			isa = PBXResourcesBuildPhase;
			buildActionMask = 2147483647;
			files = (
			);
			runOnlyForDeploymentPostprocessing = 0;
		};
		2E3D61AF1F9A2AF600312650 /* Resources */ = {
			isa = PBXResourcesBuildPhase;
			buildActionMask = 2147483647;
			files = (
				2E465951201872F300A14B3B /* UniversalLinkConfiguration.plist in Resources */,
				2E46594F20186F3200A14B3B /* DynamicLinkConfiguration.plist in Resources */,
			);
			runOnlyForDeploymentPostprocessing = 0;
		};
/* End PBXResourcesBuildPhase section */

/* Begin PBXShellScriptBuildPhase section */
		2E46594D201867E500A14B3B /* ShellScript */ = {
			isa = PBXShellScriptBuildPhase;
			buildActionMask = 2147483647;
			files = (
			);
			inputPaths = (
			);
			outputPaths = (
			);
			runOnlyForDeploymentPostprocessing = 0;
			shellPath = /bin/sh;
			shellScript = "if which swiftlint >/dev/null; then\nswiftlint\nelse\necho \"warning: SwiftLint not installed, download from https://github.com/realm/SwiftLint\"\nfi";
		};
/* End PBXShellScriptBuildPhase section */

/* Begin PBXSourcesBuildPhase section */
		2E3D61A31F9A2AF600312650 /* Sources */ = {
			isa = PBXSourcesBuildPhase;
			buildActionMask = 2147483647;
			files = (
				2E3D61C41F9DD09500312650 /* DynamicLink.swift in Sources */,
				2E4B4B6B2007699B006A0163 /* UniversalLink.swift in Sources */,
			);
			runOnlyForDeploymentPostprocessing = 0;
		};
		2E3D61AD1F9A2AF600312650 /* Sources */ = {
			isa = PBXSourcesBuildPhase;
			buildActionMask = 2147483647;
			files = (
				2E3D61C61F9E087700312650 /* DynamicLinksTests.swift in Sources */,
			);
			runOnlyForDeploymentPostprocessing = 0;
		};
/* End PBXSourcesBuildPhase section */

/* Begin PBXTargetDependency section */
		2E3D61B41F9A2AF600312650 /* PBXTargetDependency */ = {
			isa = PBXTargetDependency;
			target = 2E3D61A71F9A2AF600312650 /* DynamicLinks */;
			targetProxy = 2E3D61B31F9A2AF600312650 /* PBXContainerItemProxy */;
		};
/* End PBXTargetDependency section */

/* Begin XCBuildConfiguration section */
		2E3D61BA1F9A2AF600312650 /* Debug */ = {
			isa = XCBuildConfiguration;
			buildSettings = {
				ALWAYS_SEARCH_USER_PATHS = NO;
				CLANG_ANALYZER_NONNULL = YES;
				CLANG_ANALYZER_NUMBER_OBJECT_CONVERSION = YES_AGGRESSIVE;
				CLANG_CXX_LANGUAGE_STANDARD = "gnu++14";
				CLANG_CXX_LIBRARY = "libc++";
				CLANG_ENABLE_MODULES = YES;
				CLANG_ENABLE_OBJC_ARC = YES;
				CLANG_WARN_BLOCK_CAPTURE_AUTORELEASING = YES;
				CLANG_WARN_BOOL_CONVERSION = YES;
				CLANG_WARN_COMMA = YES;
				CLANG_WARN_CONSTANT_CONVERSION = YES;
				CLANG_WARN_DIRECT_OBJC_ISA_USAGE = YES_ERROR;
				CLANG_WARN_DOCUMENTATION_COMMENTS = YES;
				CLANG_WARN_EMPTY_BODY = YES;
				CLANG_WARN_ENUM_CONVERSION = YES;
				CLANG_WARN_INFINITE_RECURSION = YES;
				CLANG_WARN_INT_CONVERSION = YES;
				CLANG_WARN_NON_LITERAL_NULL_CONVERSION = YES;
				CLANG_WARN_OBJC_LITERAL_CONVERSION = YES;
				CLANG_WARN_OBJC_ROOT_CLASS = YES_ERROR;
				CLANG_WARN_RANGE_LOOP_ANALYSIS = YES;
				CLANG_WARN_STRICT_PROTOTYPES = YES;
				CLANG_WARN_SUSPICIOUS_MOVE = YES;
				CLANG_WARN_UNGUARDED_AVAILABILITY = YES_AGGRESSIVE;
				CLANG_WARN_UNREACHABLE_CODE = YES;
				CLANG_WARN__DUPLICATE_METHOD_MATCH = YES;
				CODE_SIGN_IDENTITY = "iPhone Developer";
				COPY_PHASE_STRIP = NO;
				CURRENT_PROJECT_VERSION = 1;
				DEBUG_INFORMATION_FORMAT = dwarf;
				ENABLE_STRICT_OBJC_MSGSEND = YES;
				ENABLE_TESTABILITY = YES;
				GCC_C_LANGUAGE_STANDARD = gnu11;
				GCC_DYNAMIC_NO_PIC = NO;
				GCC_NO_COMMON_BLOCKS = YES;
				GCC_OPTIMIZATION_LEVEL = 0;
				GCC_PREPROCESSOR_DEFINITIONS = (
					"DEBUG=1",
					"$(inherited)",
				);
				GCC_WARN_64_TO_32_BIT_CONVERSION = YES;
				GCC_WARN_ABOUT_RETURN_TYPE = YES_ERROR;
				GCC_WARN_UNDECLARED_SELECTOR = YES;
				GCC_WARN_UNINITIALIZED_AUTOS = YES_AGGRESSIVE;
				GCC_WARN_UNUSED_FUNCTION = YES;
				GCC_WARN_UNUSED_VARIABLE = YES;
				IPHONEOS_DEPLOYMENT_TARGET = 11.0;
				MTL_ENABLE_DEBUG_INFO = YES;
				ONLY_ACTIVE_ARCH = YES;
				SDKROOT = iphoneos;
				SWIFT_ACTIVE_COMPILATION_CONDITIONS = DEBUG;
				SWIFT_OPTIMIZATION_LEVEL = "-Onone";
				VERSIONING_SYSTEM = "apple-generic";
				VERSION_INFO_PREFIX = "";
			};
			name = Debug;
		};
		2E3D61BB1F9A2AF600312650 /* Release */ = {
			isa = XCBuildConfiguration;
			buildSettings = {
				ALWAYS_SEARCH_USER_PATHS = NO;
				CLANG_ANALYZER_NONNULL = YES;
				CLANG_ANALYZER_NUMBER_OBJECT_CONVERSION = YES_AGGRESSIVE;
				CLANG_CXX_LANGUAGE_STANDARD = "gnu++14";
				CLANG_CXX_LIBRARY = "libc++";
				CLANG_ENABLE_MODULES = YES;
				CLANG_ENABLE_OBJC_ARC = YES;
				CLANG_WARN_BLOCK_CAPTURE_AUTORELEASING = YES;
				CLANG_WARN_BOOL_CONVERSION = YES;
				CLANG_WARN_COMMA = YES;
				CLANG_WARN_CONSTANT_CONVERSION = YES;
				CLANG_WARN_DIRECT_OBJC_ISA_USAGE = YES_ERROR;
				CLANG_WARN_DOCUMENTATION_COMMENTS = YES;
				CLANG_WARN_EMPTY_BODY = YES;
				CLANG_WARN_ENUM_CONVERSION = YES;
				CLANG_WARN_INFINITE_RECURSION = YES;
				CLANG_WARN_INT_CONVERSION = YES;
				CLANG_WARN_NON_LITERAL_NULL_CONVERSION = YES;
				CLANG_WARN_OBJC_LITERAL_CONVERSION = YES;
				CLANG_WARN_OBJC_ROOT_CLASS = YES_ERROR;
				CLANG_WARN_RANGE_LOOP_ANALYSIS = YES;
				CLANG_WARN_STRICT_PROTOTYPES = YES;
				CLANG_WARN_SUSPICIOUS_MOVE = YES;
				CLANG_WARN_UNGUARDED_AVAILABILITY = YES_AGGRESSIVE;
				CLANG_WARN_UNREACHABLE_CODE = YES;
				CLANG_WARN__DUPLICATE_METHOD_MATCH = YES;
				CODE_SIGN_IDENTITY = "iPhone Developer";
				COPY_PHASE_STRIP = NO;
				CURRENT_PROJECT_VERSION = 1;
				DEBUG_INFORMATION_FORMAT = "dwarf-with-dsym";
				ENABLE_NS_ASSERTIONS = NO;
				ENABLE_STRICT_OBJC_MSGSEND = YES;
				GCC_C_LANGUAGE_STANDARD = gnu11;
				GCC_NO_COMMON_BLOCKS = YES;
				GCC_WARN_64_TO_32_BIT_CONVERSION = YES;
				GCC_WARN_ABOUT_RETURN_TYPE = YES_ERROR;
				GCC_WARN_UNDECLARED_SELECTOR = YES;
				GCC_WARN_UNINITIALIZED_AUTOS = YES_AGGRESSIVE;
				GCC_WARN_UNUSED_FUNCTION = YES;
				GCC_WARN_UNUSED_VARIABLE = YES;
				IPHONEOS_DEPLOYMENT_TARGET = 11.0;
				MTL_ENABLE_DEBUG_INFO = NO;
				SDKROOT = iphoneos;
				SWIFT_OPTIMIZATION_LEVEL = "-Owholemodule";
				VALIDATE_PRODUCT = YES;
				VERSIONING_SYSTEM = "apple-generic";
				VERSION_INFO_PREFIX = "";
			};
			name = Release;
		};
		2E3D61BD1F9A2AF600312650 /* Debug */ = {
			isa = XCBuildConfiguration;
			buildSettings = {
				CLANG_ENABLE_MODULES = YES;
				CODE_SIGN_IDENTITY = "";
				CODE_SIGN_STYLE = Automatic;
				DEFINES_MODULE = YES;
				DYLIB_COMPATIBILITY_VERSION = 1;
				DYLIB_CURRENT_VERSION = 1;
				DYLIB_INSTALL_NAME_BASE = "@rpath";
				INFOPLIST_FILE = DynamicLinks/Info.plist;
				INSTALL_PATH = "$(LOCAL_LIBRARY_DIR)/Frameworks";
				IPHONEOS_DEPLOYMENT_TARGET = 10.0;
				LD_RUNPATH_SEARCH_PATHS = "$(inherited) @executable_path/Frameworks @loader_path/Frameworks";
				PRODUCT_BUNDLE_IDENTIFIER = com.machukas.DynamicLinks;
				PRODUCT_NAME = "$(TARGET_NAME:c99extidentifier)";
				SKIP_INSTALL = YES;
				SWIFT_OPTIMIZATION_LEVEL = "-Onone";
				SWIFT_VERSION = 4.0;
				TARGETED_DEVICE_FAMILY = "1,2";
			};
			name = Debug;
		};
		2E3D61BE1F9A2AF600312650 /* Release */ = {
			isa = XCBuildConfiguration;
			buildSettings = {
				CLANG_ENABLE_MODULES = YES;
				CODE_SIGN_IDENTITY = "";
				CODE_SIGN_STYLE = Automatic;
				DEFINES_MODULE = YES;
				DYLIB_COMPATIBILITY_VERSION = 1;
				DYLIB_CURRENT_VERSION = 1;
				DYLIB_INSTALL_NAME_BASE = "@rpath";
				INFOPLIST_FILE = DynamicLinks/Info.plist;
				INSTALL_PATH = "$(LOCAL_LIBRARY_DIR)/Frameworks";
				IPHONEOS_DEPLOYMENT_TARGET = 10.0;
				LD_RUNPATH_SEARCH_PATHS = "$(inherited) @executable_path/Frameworks @loader_path/Frameworks";
				PRODUCT_BUNDLE_IDENTIFIER = com.machukas.DynamicLinks;
				PRODUCT_NAME = "$(TARGET_NAME:c99extidentifier)";
				SKIP_INSTALL = YES;
				SWIFT_VERSION = 4.0;
				TARGETED_DEVICE_FAMILY = "1,2";
			};
			name = Release;
		};
		2E3D61C01F9A2AF600312650 /* Debug */ = {
			isa = XCBuildConfiguration;
			buildSettings = {
				ALWAYS_EMBED_SWIFT_STANDARD_LIBRARIES = YES;
				CODE_SIGN_STYLE = Automatic;
				INFOPLIST_FILE = DynamicLinksTests/Info.plist;
				LD_RUNPATH_SEARCH_PATHS = "$(inherited) @executable_path/Frameworks @loader_path/Frameworks";
				PRODUCT_BUNDLE_IDENTIFIER = com.machukas.DynamicLinksTests;
				PRODUCT_NAME = "$(TARGET_NAME)";
				SWIFT_VERSION = 4.0;
				TARGETED_DEVICE_FAMILY = "1,2";
			};
			name = Debug;
		};
		2E3D61C11F9A2AF600312650 /* Release */ = {
			isa = XCBuildConfiguration;
			buildSettings = {
				ALWAYS_EMBED_SWIFT_STANDARD_LIBRARIES = YES;
				CODE_SIGN_STYLE = Automatic;
				INFOPLIST_FILE = DynamicLinksTests/Info.plist;
				LD_RUNPATH_SEARCH_PATHS = "$(inherited) @executable_path/Frameworks @loader_path/Frameworks";
				PRODUCT_BUNDLE_IDENTIFIER = com.machukas.DynamicLinksTests;
				PRODUCT_NAME = "$(TARGET_NAME)";
				SWIFT_VERSION = 4.0;
				TARGETED_DEVICE_FAMILY = "1,2";
			};
			name = Release;
		};
/* End XCBuildConfiguration section */

/* Begin XCConfigurationList section */
		2E3D61A21F9A2AF600312650 /* Build configuration list for PBXProject "DynamicLinks" */ = {
			isa = XCConfigurationList;
			buildConfigurations = (
				2E3D61BA1F9A2AF600312650 /* Debug */,
				2E3D61BB1F9A2AF600312650 /* Release */,
			);
			defaultConfigurationIsVisible = 0;
			defaultConfigurationName = Release;
		};
		2E3D61BC1F9A2AF600312650 /* Build configuration list for PBXNativeTarget "DynamicLinks" */ = {
			isa = XCConfigurationList;
			buildConfigurations = (
				2E3D61BD1F9A2AF600312650 /* Debug */,
				2E3D61BE1F9A2AF600312650 /* Release */,
			);
			defaultConfigurationIsVisible = 0;
			defaultConfigurationName = Release;
		};
		2E3D61BF1F9A2AF600312650 /* Build configuration list for PBXNativeTarget "DynamicLinksTests" */ = {
			isa = XCConfigurationList;
			buildConfigurations = (
				2E3D61C01F9A2AF600312650 /* Debug */,
				2E3D61C11F9A2AF600312650 /* Release */,
			);
			defaultConfigurationIsVisible = 0;
			defaultConfigurationName = Release;
		};
/* End XCConfigurationList section */
	};
	rootObject = 2E3D619F1F9A2AF600312650 /* Project object */;
}
